
Microsoft Visual Studio Solution File, Format Version 12.00
# Visual Studio Version 17
VisualStudioVersion = 17.14.36221.1 d17.14
MinimumVisualStudioVersion = 10.0.40219.1
Project("{FAE04EC0-301F-11D3-BF4B-00C04F79EFBC}") = "Day1", "Day1\Day1.csproj", "{7C50CEEA-FEDC-41A0-80E8-28642A3411C9}"
EndProject
Global
	GlobalSection(SolutionConfigurationPlatforms) = preSolution
		Debug|Any CPU = Debug|Any CPU
		Release|Any CPU = Release|Any CPU
	EndGlobalSection
	GlobalSection(ProjectConfigurationPlatforms) = postSolution
		{7C50CEEA-FEDC-41A0-80E8-28642A3411C9}.Debug|Any CPU.ActiveCfg = Debug|Any CPU
		{7C50CEEA-FEDC-41A0-80E8-28642A3411C9}.Debug|Any CPU.Build.0 = Debug|Any CPU
		{7C50CEEA-FEDC-41A0-80E8-28642A3411C9}.Release|Any CPU.ActiveCfg = Release|Any CPU
		{7C50CEEA-FEDC-41A0-80E8-28642A3411C9}.Release|Any CPU.Build.0 = Release|Any CPU
	EndGlobalSection
	GlobalSection(SolutionProperties) = preSolution
		HideSolutionNode = FALSE
	EndGlobalSection
	GlobalSection(ExtensibilityGlobals) = postSolution
		SolutionGuid = {C4C4939B-07C5-4549-8B66-B00051323AC2}
	EndGlobalSection
EndGlobal
