
Microsoft Visual Studio Solution File, Format Version 12.00
# Visual Studio Version 17
VisualStudioVersion = 17.14.36221.1
MinimumVisualStudioVersion = 10.0.40219.1
Project("{FAE04EC0-301F-11D3-BF4B-00C04F79EFBC}") = "Day5", "Day5\Day5.csproj", "{6F750082-9285-4236-9982-663C41C3178A}"
EndProject
Project("{FAE04EC0-301F-11D3-BF4B-00C04F79EFBC}") = "Day5 part2", "Day5 part2\Day5 part2.csproj", "{C23FDA6B-6F46-405B-B640-6E90F1659189}"
EndProject
Project("{FAE04EC0-301F-11D3-BF4B-00C04F79EFBC}") = "Day5 Part3", "Day5 Part3\Day5 Part3.csproj", "{1A1A8E4F-353F-4154-A89C-C05B42A652D4}"
EndProject
Global
	GlobalSection(SolutionConfigurationPlatforms) = preSolution
		Debug|Any CPU = Debug|Any CPU
		Release|Any CPU = Release|Any CPU
	EndGlobalSection
	GlobalSection(ProjectConfigurationPlatforms) = postSolution
		{6F750082-9285-4236-9982-663C41C3178A}.Debug|Any CPU.ActiveCfg = Debug|Any CPU
		{6F750082-9285-4236-9982-663C41C3178A}.Debug|Any CPU.Build.0 = Debug|Any CPU
		{6F750082-9285-4236-9982-663C41C3178A}.Release|Any CPU.ActiveCfg = Release|Any CPU
		{6F750082-9285-4236-9982-663C41C3178A}.Release|Any CPU.Build.0 = Release|Any CPU
		{C23FDA6B-6F46-405B-B640-6E90F1659189}.Debug|Any CPU.ActiveCfg = Debug|Any CPU
		{C23FDA6B-6F46-405B-B640-6E90F1659189}.Debug|Any CPU.Build.0 = Debug|Any CPU
		{C23FDA6B-6F46-405B-B640-6E90F1659189}.Release|Any CPU.ActiveCfg = Release|Any CPU
		{C23FDA6B-6F46-405B-B640-6E90F1659189}.Release|Any CPU.Build.0 = Release|Any CPU
		{1A1A8E4F-353F-4154-A89C-C05B42A652D4}.Debug|Any CPU.ActiveCfg = Debug|Any CPU
		{1A1A8E4F-353F-4154-A89C-C05B42A652D4}.Debug|Any CPU.Build.0 = Debug|Any CPU
		{1A1A8E4F-353F-4154-A89C-C05B42A652D4}.Release|Any CPU.ActiveCfg = Release|Any CPU
		{1A1A8E4F-353F-4154-A89C-C05B42A652D4}.Release|Any CPU.Build.0 = Release|Any CPU
	EndGlobalSection
	GlobalSection(SolutionProperties) = preSolution
		HideSolutionNode = FALSE
	EndGlobalSection
	GlobalSection(ExtensibilityGlobals) = postSolution
		SolutionGuid = {8B72DF25-A5B6-477B-8198-78F4123B63AF}
	EndGlobalSection
EndGlobal
